
Microsoft Visual Studio Solution File, Format Version 12.00
# Visual Studio Version 17
VisualStudioVersion = 17.1.32414.318
MinimumVisualStudioVersion = 10.0.40219.1
Project("{FAE04EC0-301F-11D3-BF4B-00C04F79EFBC}") = "OrderImplementationTest", "OrderImplementationTest\OrderImplementationTest.csproj", "{FDD460CB-C7FC-4273-8F64-00446B9501F6}"
EndProject
Project("{9A19103F-16F7-4668-BE54-9A1E7A4F7556}") = "OrderImplementationTest.UnitTests", "OrderImplementationTest.UnitTests\OrderImplementationTest.UnitTests.csproj", "{80E6EAB0-7052-41FD-8692-23265F5DABCC}"
EndProject
Global
	GlobalSection(SolutionConfigurationPlatforms) = preSolution
		Debug|Any CPU = Debug|Any CPU
		Release|Any CPU = Release|Any CPU
	EndGlobalSection
	GlobalSection(ProjectConfigurationPlatforms) = postSolution
		{FDD460CB-C7FC-4273-8F64-00446B9501F6}.Debug|Any CPU.ActiveCfg = Debug|Any CPU
		{FDD460CB-C7FC-4273-8F64-00446B9501F6}.Debug|Any CPU.Build.0 = Debug|Any CPU
		{FDD460CB-C7FC-4273-8F64-00446B9501F6}.Release|Any CPU.ActiveCfg = Release|Any CPU
		{FDD460CB-C7FC-4273-8F64-00446B9501F6}.Release|Any CPU.Build.0 = Release|Any CPU
		{80E6EAB0-7052-41FD-8692-23265F5DABCC}.Debug|Any CPU.ActiveCfg = Debug|Any CPU
		{80E6EAB0-7052-41FD-8692-23265F5DABCC}.Debug|Any CPU.Build.0 = Debug|Any CPU
		{80E6EAB0-7052-41FD-8692-23265F5DABCC}.Release|Any CPU.ActiveCfg = Release|Any CPU
		{80E6EAB0-7052-41FD-8692-23265F5DABCC}.Release|Any CPU.Build.0 = Release|Any CPU
	EndGlobalSection
	GlobalSection(SolutionProperties) = preSolution
		HideSolutionNode = FALSE
	EndGlobalSection
	GlobalSection(ExtensibilityGlobals) = postSolution
		SolutionGuid = {5C47F62F-05C7-45D7-82E2-DA407B61962F}
	EndGlobalSection
EndGlobal
